
Microsoft Visual Studio Solution File, Format Version 12.00
# Visual Studio Version 17
VisualStudioVersion = 17.2.32630.192
MinimumVisualStudioVersion = 10.0.40219.1
Project("{9A19103F-16F7-4668-BE54-9A1E7A4F7556}") = "RentACar.Server", "RentACar.Server\RentACar.Server.csproj", "{632F77A2-0B7A-4956-B3F1-3745B8E14A24}"
EndProject
Project("{FAE04EC0-301F-11D3-BF4B-00C04F79EFBC}") = "RentACar.Server.Tests", "RentACar.Server.Tests\RentACar.Server.Tests.csproj", "{6C78A580-8059-40D4-A38C-BCB7D96A4394}"
EndProject
Global
	GlobalSection(SolutionConfigurationPlatforms) = preSolution
		Debug|Any CPU = Debug|Any CPU
		Release|Any CPU = Release|Any CPU
	EndGlobalSection
	GlobalSection(ProjectConfigurationPlatforms) = postSolution
		{632F77A2-0B7A-4956-B3F1-3745B8E14A24}.Debug|Any CPU.ActiveCfg = Debug|Any CPU
		{632F77A2-0B7A-4956-B3F1-3745B8E14A24}.Debug|Any CPU.Build.0 = Debug|Any CPU
		{632F77A2-0B7A-4956-B3F1-3745B8E14A24}.Release|Any CPU.ActiveCfg = Release|Any CPU
		{632F77A2-0B7A-4956-B3F1-3745B8E14A24}.Release|Any CPU.Build.0 = Release|Any CPU
		{6C78A580-8059-40D4-A38C-BCB7D96A4394}.Debug|Any CPU.ActiveCfg = Debug|Any CPU
		{6C78A580-8059-40D4-A38C-BCB7D96A4394}.Debug|Any CPU.Build.0 = Debug|Any CPU
		{6C78A580-8059-40D4-A38C-BCB7D96A4394}.Release|Any CPU.ActiveCfg = Release|Any CPU
		{6C78A580-8059-40D4-A38C-BCB7D96A4394}.Release|Any CPU.Build.0 = Release|Any CPU
	EndGlobalSection
	GlobalSection(SolutionProperties) = preSolution
		HideSolutionNode = FALSE
	EndGlobalSection
	GlobalSection(ExtensibilityGlobals) = postSolution
		SolutionGuid = {CB235B56-C7BD-49B8-AECF-C7602DD3922E}
	EndGlobalSection
EndGlobal
